// !$*UTF8*$!
{
	archiveVersion = 1;
	classes = {
	};
	objectVersion = 46;
	objects = {

/* Begin PBXBuildFile section */
		650C7E501D54EEF5001C271A /* file.cpp in Sources */ = {isa = PBXBuildFile; fileRef = 650C7E4F1D54EEF5001C271A /* file.cpp */; };
		65E0AF061D0DC5D6005554B0 /* main.cpp in Sources */ = {isa = PBXBuildFile; fileRef = 65E0AF051D0DC5D6005554B0 /* main.cpp */; };
/* End PBXBuildFile section */

/* Begin PBXCopyFilesBuildPhase section */
		65E0AF001D0DC5D6005554B0 /* CopyFiles */ = {
			isa = PBXCopyFilesBuildPhase;
			buildActionMask = 2147483647;
			dstPath = /usr/share/man/man1/;
			dstSubfolderSpec = 0;
			files = (
			);
			runOnlyForDeploymentPostprocessing = 1;
		};
/* End PBXCopyFilesBuildPhase section */

/* Begin PBXFileReference section */
		650923DD1D0EBA2A0015CE9E /* LICENCE */ = {isa = PBXFileReference; lastKnownFileType = text; path = LICENCE; sourceTree = "<group>"; };
		650C7E4D1D54EDE9001C271A /* makefile */ = {isa = PBXFileReference; lastKnownFileType = sourcecode.make; path = makefile; sourceTree = "<group>"; };
		650C7E4E1D54EEEA001C271A /* file.hpp */ = {isa = PBXFileReference; fileEncoding = 4; lastKnownFileType = sourcecode.cpp.h; name = file.hpp; path = include/file.hpp; sourceTree = "<group>"; };
		650C7E4F1D54EEF5001C271A /* file.cpp */ = {isa = PBXFileReference; fileEncoding = 4; lastKnownFileType = sourcecode.cpp.cpp; name = file.cpp; path = src/file.cpp; sourceTree = "<group>"; };
		65DCD5C01D0DE9AB004241DB /* README.md */ = {isa = PBXFileReference; fileEncoding = 4; lastKnownFileType = net.daringfireball.markdown; path = README.md; sourceTree = SOURCE_ROOT; };
		65E0AF021D0DC5D6005554B0 /* File */ = {isa = PBXFileReference; explicitFileType = "compiled.mach-o.executable"; includeInIndex = 0; path = File; sourceTree = BUILT_PRODUCTS_DIR; };
		65E0AF051D0DC5D6005554B0 /* main.cpp */ = {isa = PBXFileReference; lastKnownFileType = sourcecode.cpp.cpp; path = main.cpp; sourceTree = "<group>"; usesTabs = 1; };
/* End PBXFileReference section */

/* Begin PBXFrameworksBuildPhase section */
		65E0AEFF1D0DC5D6005554B0 /* Frameworks */ = {
			isa = PBXFrameworksBuildPhase;
			buildActionMask = 2147483647;
			files = (
			);
			runOnlyForDeploymentPostprocessing = 0;
		};
/* End PBXFrameworksBuildPhase section */

/* Begin PBXGroup section */
		65E0AEF91D0DC5D6005554B0 = {
			isa = PBXGroup;
			children = (
				650923DD1D0EBA2A0015CE9E /* LICENCE */,
				65DCD5C01D0DE9AB004241DB /* README.md */,
				65E0AF041D0DC5D6005554B0 /* File */,
				65E0AF031D0DC5D6005554B0 /* Products */,
			);
			sourceTree = "<group>";
		};
		65E0AF031D0DC5D6005554B0 /* Products */ = {
			isa = PBXGroup;
			children = (
				65E0AF021D0DC5D6005554B0 /* File */,
			);
			name = Products;
			sourceTree = "<group>";
		};
		65E0AF041D0DC5D6005554B0 /* File */ = {
			isa = PBXGroup;
			children = (
				65E0AF0D1D0DC5E9005554B0 /* include */,
				65E0AF0C1D0DC5DD005554B0 /* src */,
				65E0AF051D0DC5D6005554B0 /* main.cpp */,
				650C7E4D1D54EDE9001C271A /* makefile */,
			);
			path = File;
			sourceTree = "<group>";
		};
		65E0AF0C1D0DC5DD005554B0 /* src */ = {
			isa = PBXGroup;
			children = (
				650C7E4F1D54EEF5001C271A /* file.cpp */,
			);
			name = src;
			sourceTree = "<group>";
		};
		65E0AF0D1D0DC5E9005554B0 /* include */ = {
			isa = PBXGroup;
			children = (
				650C7E4E1D54EEEA001C271A /* file.hpp */,
			);
			name = include;
			sourceTree = "<group>";
		};
/* End PBXGroup section */

/* Begin PBXNativeTarget section */
		65E0AF011D0DC5D6005554B0 /* File */ = {
			isa = PBXNativeTarget;
			buildConfigurationList = 65E0AF091D0DC5D6005554B0 /* Build configuration list for PBXNativeTarget "File" */;
			buildPhases = (
				65E0AEFE1D0DC5D6005554B0 /* Sources */,
				65E0AEFF1D0DC5D6005554B0 /* Frameworks */,
				65E0AF001D0DC5D6005554B0 /* CopyFiles */,
			);
			buildRules = (
			);
			dependencies = (
			);
			name = File;
			productName = File;
			productReference = 65E0AF021D0DC5D6005554B0 /* File */;
			productType = "com.apple.product-type.tool";
		};
/* End PBXNativeTarget section */

/* Begin PBXProject section */
		65E0AEFA1D0DC5D6005554B0 /* Project object */ = {
			isa = PBXProject;
			attributes = {
				LastUpgradeCheck = 0730;
				ORGANIZATIONNAME = "Daniel Illescas Romero";
				TargetAttributes = {
					65E0AF011D0DC5D6005554B0 = {
						CreatedOnToolsVersion = 7.3.1;
					};
				};
			};
			buildConfigurationList = 65E0AEFD1D0DC5D6005554B0 /* Build configuration list for PBXProject "File" */;
			compatibilityVersion = "Xcode 3.2";
			developmentRegion = English;
			hasScannedForEncodings = 0;
			knownRegions = (
				en,
			);
			mainGroup = 65E0AEF91D0DC5D6005554B0;
			productRefGroup = 65E0AF031D0DC5D6005554B0 /* Products */;
			projectDirPath = "";
			projectRoot = "";
			targets = (
				65E0AF011D0DC5D6005554B0 /* File */,
			);
		};
/* End PBXProject section */

/* Begin PBXSourcesBuildPhase section */
		65E0AEFE1D0DC5D6005554B0 /* Sources */ = {
			isa = PBXSourcesBuildPhase;
			buildActionMask = 2147483647;
			files = (
				65E0AF061D0DC5D6005554B0 /* main.cpp in Sources */,
				650C7E501D54EEF5001C271A /* file.cpp in Sources */,
			);
			runOnlyForDeploymentPostprocessing = 0;
		};
/* End PBXSourcesBuildPhase section */

/* Begin XCBuildConfiguration section */
		65E0AF071D0DC5D6005554B0 /* Debug */ = {
			isa = XCBuildConfiguration;
			buildSettings = {
				ALWAYS_SEARCH_USER_PATHS = NO;
				CLANG_ANALYZER_NONNULL = YES;
				CLANG_CXX_LANGUAGE_STANDARD = "gnu++0x";
				CLANG_CXX_LIBRARY = "libc++";
				CLANG_ENABLE_MODULES = YES;
				CLANG_ENABLE_OBJC_ARC = YES;
				CLANG_WARN_BOOL_CONVERSION = YES;
				CLANG_WARN_CONSTANT_CONVERSION = YES;
				CLANG_WARN_DIRECT_OBJC_ISA_USAGE = YES_ERROR;
				CLANG_WARN_EMPTY_BODY = YES;
				CLANG_WARN_ENUM_CONVERSION = YES;
				CLANG_WARN_INT_CONVERSION = YES;
				CLANG_WARN_OBJC_ROOT_CLASS = YES_ERROR;
				CLANG_WARN_UNREACHABLE_CODE = YES;
				CLANG_WARN__DUPLICATE_METHOD_MATCH = YES;
				CODE_SIGN_IDENTITY = "-";
				COPY_PHASE_STRIP = NO;
				DEBUG_INFORMATION_FORMAT = dwarf;
				ENABLE_STRICT_OBJC_MSGSEND = YES;
				ENABLE_TESTABILITY = YES;
				GCC_C_LANGUAGE_STANDARD = gnu99;
				GCC_DYNAMIC_NO_PIC = NO;
				GCC_NO_COMMON_BLOCKS = YES;
				GCC_OPTIMIZATION_LEVEL = 0;
				GCC_PREPROCESSOR_DEFINITIONS = (
					"DEBUG=1",
					"$(inherited)",
				);
				GCC_WARN_64_TO_32_BIT_CONVERSION = YES;
				GCC_WARN_ABOUT_RETURN_TYPE = YES_ERROR;
				GCC_WARN_UNDECLARED_SELECTOR = YES;
				GCC_WARN_UNINITIALIZED_AUTOS = YES_AGGRESSIVE;
				GCC_WARN_UNUSED_FUNCTION = YES;
				GCC_WARN_UNUSED_VARIABLE = YES;
				MACOSX_DEPLOYMENT_TARGET = 10.11;
				MTL_ENABLE_DEBUG_INFO = YES;
				ONLY_ACTIVE_ARCH = YES;
				SDKROOT = macosx;
			};
			name = Debug;
		};
		65E0AF081D0DC5D6005554B0 /* Release */ = {
			isa = XCBuildConfiguration;
			buildSettings = {
				ALWAYS_SEARCH_USER_PATHS = NO;
				CLANG_ANALYZER_NONNULL = YES;
				CLANG_CXX_LANGUAGE_STANDARD = "gnu++0x";
				CLANG_CXX_LIBRARY = "libc++";
				CLANG_ENABLE_MODULES = YES;
				CLANG_ENABLE_OBJC_ARC = YES;
				CLANG_WARN_BOOL_CONVERSION = YES;
				CLANG_WARN_CONSTANT_CONVERSION = YES;
				CLANG_WARN_DIRECT_OBJC_ISA_USAGE = YES_ERROR;
				CLANG_WARN_EMPTY_BODY = YES;
				CLANG_WARN_ENUM_CONVERSION = YES;
				CLANG_WARN_INT_CONVERSION = YES;
				CLANG_WARN_OBJC_ROOT_CLASS = YES_ERROR;
				CLANG_WARN_UNREACHABLE_CODE = YES;
				CLANG_WARN__DUPLICATE_METHOD_MATCH = YES;
				CODE_SIGN_IDENTITY = "-";
				COPY_PHASE_STRIP = NO;
				DEBUG_INFORMATION_FORMAT = "dwarf-with-dsym";
				ENABLE_NS_ASSERTIONS = NO;
				ENABLE_STRICT_OBJC_MSGSEND = YES;
				GCC_C_LANGUAGE_STANDARD = gnu99;
				GCC_NO_COMMON_BLOCKS = YES;
				GCC_WARN_64_TO_32_BIT_CONVERSION = YES;
				GCC_WARN_ABOUT_RETURN_TYPE = YES_ERROR;
				GCC_WARN_UNDECLARED_SELECTOR = YES;
				GCC_WARN_UNINITIALIZED_AUTOS = YES_AGGRESSIVE;
				GCC_WARN_UNUSED_FUNCTION = YES;
				GCC_WARN_UNUSED_VARIABLE = YES;
				MACOSX_DEPLOYMENT_TARGET = 10.11;
				MTL_ENABLE_DEBUG_INFO = NO;
				SDKROOT = macosx;
			};
			name = Release;
		};
		65E0AF0A1D0DC5D6005554B0 /* Debug */ = {
			isa = XCBuildConfiguration;
			buildSettings = {
				PRODUCT_NAME = "$(TARGET_NAME)";
			};
			name = Debug;
		};
		65E0AF0B1D0DC5D6005554B0 /* Release */ = {
			isa = XCBuildConfiguration;
			buildSettings = {
				PRODUCT_NAME = "$(TARGET_NAME)";
			};
			name = Release;
		};
/* End XCBuildConfiguration section */

/* Begin XCConfigurationList section */
		65E0AEFD1D0DC5D6005554B0 /* Build configuration list for PBXProject "File" */ = {
			isa = XCConfigurationList;
			buildConfigurations = (
				65E0AF071D0DC5D6005554B0 /* Debug */,
				65E0AF081D0DC5D6005554B0 /* Release */,
			);
			defaultConfigurationIsVisible = 0;
			defaultConfigurationName = Release;
		};
		65E0AF091D0DC5D6005554B0 /* Build configuration list for PBXNativeTarget "File" */ = {
			isa = XCConfigurationList;
			buildConfigurations = (
				65E0AF0A1D0DC5D6005554B0 /* Debug */,
				65E0AF0B1D0DC5D6005554B0 /* Release */,
			);
			defaultConfigurationIsVisible = 0;
			defaultConfigurationName = Release;
		};
/* End XCConfigurationList section */
	};
	rootObject = 65E0AEFA1D0DC5D6005554B0 /* Project object */;
}
